{
  "version": "4",
  "specifiers": {
    "jsr:@std/dotenv@*": "0.225.2",
    "jsr:@tajpouria/cors@*": "1.2.1"
  },
  "jsr": {
    "@std/dotenv@0.225.2": {
      "integrity": "e2025dce4de6c7bca21dece8baddd4262b09d5187217e231b033e088e0c4dd23"
    },
    "@tajpouria/cors@1.2.1": {
      "integrity": "eca42e4fb7cb3906ef0ee3d1e565dd6bb4632ccd8e70a95cf4279759743328f0"
    }
  },
  "workspace": {
    "dependencies": [
      "jsr:@std/assert@1"
    ],
    "packageJson": {
      "dependencies": [
        "npm:cors@^2.8.5",
        "npm:express@^4.21.1",
        "npm:mongoose@^8.7.2"
      ]
    }
  }
}
